
Microsoft Visual Studio Solution File, Format Version 12.00
Project("{FAE04EC0-301F-11D3-BF4B-00C04F79EFBC}") = "Linea", "Linea.csproj", "{149DA541-73E4-4A4F-9968-69286A2156D6}"
EndProject
Global
	GlobalSection(SolutionConfigurationPlatforms) = preSolution
		Debug|Any CPU = Debug|Any CPU
		Release|Any CPU = Release|Any CPU
	EndGlobalSection
	GlobalSection(ProjectConfigurationPlatforms) = postSolution
		{149DA541-73E4-4A4F-9968-69286A2156D6}.Debug|Any CPU.ActiveCfg = Debug|Any CPU
		{149DA541-73E4-4A4F-9968-69286A2156D6}.Debug|Any CPU.Build.0 = Debug|Any CPU
		{149DA541-73E4-4A4F-9968-69286A2156D6}.Release|Any CPU.ActiveCfg = Release|Any CPU
		{149DA541-73E4-4A4F-9968-69286A2156D6}.Release|Any CPU.Build.0 = Release|Any CPU
	EndGlobalSection
EndGlobal
